
Microsoft Visual Studio Solution File, Format Version 12.00
# Visual Studio Version 16
VisualStudioVersion = 16.0.29519.181
MinimumVisualStudioVersion = 10.0.40219.1
Project("{9A19103F-16F7-4668-BE54-9A1E7A4F7556}") = "Common", "Common\Common.csproj", "{A8F9D357-642B-4A98-A631-5DC72CFBAC77}"
EndProject
Project("{9A19103F-16F7-4668-BE54-9A1E7A4F7556}") = "PizzaDataService", "PizzaDataService\PizzaDataService.csproj", "{EA67E562-C7C3-4085-9CCD-5AA5E1F4B95A}"
EndProject
Project("{9A19103F-16F7-4668-BE54-9A1E7A4F7556}") = "PizzaFoxService", "PizzaFoxService\PizzaFoxService.csproj", "{7BA450F7-15F7-462D-9591-5E2DDE6054A5}"
EndProject
Project("{9A19103F-16F7-4668-BE54-9A1E7A4F7556}") = "PapaService", "PapaService\PapaService.csproj", "{76FB5EC5-1FD6-4FFF-B94D-FECFAF686CF2}"
EndProject
Project("{9A19103F-16F7-4668-BE54-9A1E7A4F7556}") = "UnitTests", "UnitTests\UnitTests.csproj", "{B6C457A9-FAE1-48C7-87A6-1251AC72A544}"
EndProject
Project("{9A19103F-16F7-4668-BE54-9A1E7A4F7556}") = "DatabaseHandler", "DatabaseHandler\DatabaseHandler.csproj", "{DCCF8444-DCAE-436A-9F16-351C77506042}"
EndProject
Global
	GlobalSection(SolutionConfigurationPlatforms) = preSolution
		Debug|Any CPU = Debug|Any CPU
		Release|Any CPU = Release|Any CPU
	EndGlobalSection
	GlobalSection(ProjectConfigurationPlatforms) = postSolution
		{A8F9D357-642B-4A98-A631-5DC72CFBAC77}.Debug|Any CPU.ActiveCfg = Debug|Any CPU
		{A8F9D357-642B-4A98-A631-5DC72CFBAC77}.Debug|Any CPU.Build.0 = Debug|Any CPU
		{A8F9D357-642B-4A98-A631-5DC72CFBAC77}.Release|Any CPU.ActiveCfg = Release|Any CPU
		{A8F9D357-642B-4A98-A631-5DC72CFBAC77}.Release|Any CPU.Build.0 = Release|Any CPU
		{EA67E562-C7C3-4085-9CCD-5AA5E1F4B95A}.Debug|Any CPU.ActiveCfg = Debug|Any CPU
		{EA67E562-C7C3-4085-9CCD-5AA5E1F4B95A}.Debug|Any CPU.Build.0 = Debug|Any CPU
		{EA67E562-C7C3-4085-9CCD-5AA5E1F4B95A}.Release|Any CPU.ActiveCfg = Release|Any CPU
		{EA67E562-C7C3-4085-9CCD-5AA5E1F4B95A}.Release|Any CPU.Build.0 = Release|Any CPU
		{7BA450F7-15F7-462D-9591-5E2DDE6054A5}.Debug|Any CPU.ActiveCfg = Debug|Any CPU
		{7BA450F7-15F7-462D-9591-5E2DDE6054A5}.Debug|Any CPU.Build.0 = Debug|Any CPU
		{7BA450F7-15F7-462D-9591-5E2DDE6054A5}.Release|Any CPU.ActiveCfg = Release|Any CPU
		{7BA450F7-15F7-462D-9591-5E2DDE6054A5}.Release|Any CPU.Build.0 = Release|Any CPU
		{76FB5EC5-1FD6-4FFF-B94D-FECFAF686CF2}.Debug|Any CPU.ActiveCfg = Debug|Any CPU
		{76FB5EC5-1FD6-4FFF-B94D-FECFAF686CF2}.Debug|Any CPU.Build.0 = Debug|Any CPU
		{76FB5EC5-1FD6-4FFF-B94D-FECFAF686CF2}.Release|Any CPU.ActiveCfg = Release|Any CPU
		{76FB5EC5-1FD6-4FFF-B94D-FECFAF686CF2}.Release|Any CPU.Build.0 = Release|Any CPU
		{B6C457A9-FAE1-48C7-87A6-1251AC72A544}.Debug|Any CPU.ActiveCfg = Debug|Any CPU
		{B6C457A9-FAE1-48C7-87A6-1251AC72A544}.Debug|Any CPU.Build.0 = Debug|Any CPU
		{B6C457A9-FAE1-48C7-87A6-1251AC72A544}.Release|Any CPU.ActiveCfg = Release|Any CPU
		{B6C457A9-FAE1-48C7-87A6-1251AC72A544}.Release|Any CPU.Build.0 = Release|Any CPU
		{DCCF8444-DCAE-436A-9F16-351C77506042}.Debug|Any CPU.ActiveCfg = Debug|Any CPU
		{DCCF8444-DCAE-436A-9F16-351C77506042}.Debug|Any CPU.Build.0 = Debug|Any CPU
		{DCCF8444-DCAE-436A-9F16-351C77506042}.Release|Any CPU.ActiveCfg = Release|Any CPU
		{DCCF8444-DCAE-436A-9F16-351C77506042}.Release|Any CPU.Build.0 = Release|Any CPU
	EndGlobalSection
	GlobalSection(SolutionProperties) = preSolution
		HideSolutionNode = FALSE
	EndGlobalSection
	GlobalSection(ExtensibilityGlobals) = postSolution
		SolutionGuid = {E3A6699F-E3D7-47A5-A6FC-EC655643F45C}
	EndGlobalSection
EndGlobal
